
Microsoft Visual Studio Solution File, Format Version 12.00
# Visual Studio Version 17
VisualStudioVersion = 17.7.34202.233
MinimumVisualStudioVersion = 10.0.40219.1
Project("{FAE04EC0-301F-11D3-BF4B-00C04F79EFBC}") = "CodeHelper", "CodeHelper\CodeHelper.csproj", "{CBE98F49-1C1A-481F-AB13-F31D4943DE99}"
EndProject
Global
	GlobalSection(SolutionConfigurationPlatforms) = preSolution
		Debug|Any CPU = Debug|Any CPU
		Release|Any CPU = Release|Any CPU
	EndGlobalSection
	GlobalSection(ProjectConfigurationPlatforms) = postSolution
		{CBE98F49-1C1A-481F-AB13-F31D4943DE99}.Debug|Any CPU.ActiveCfg = Debug|Any CPU
		{CBE98F49-1C1A-481F-AB13-F31D4943DE99}.Debug|Any CPU.Build.0 = Debug|Any CPU
		{CBE98F49-1C1A-481F-AB13-F31D4943DE99}.Release|Any CPU.ActiveCfg = Release|Any CPU
		{CBE98F49-1C1A-481F-AB13-F31D4943DE99}.Release|Any CPU.Build.0 = Release|Any CPU
	EndGlobalSection
	GlobalSection(SolutionProperties) = preSolution
		HideSolutionNode = FALSE
	EndGlobalSection
	GlobalSection(ExtensibilityGlobals) = postSolution
		SolutionGuid = {2A5FB80B-1F61-4F1B-9250-44D93FDB5C45}
	EndGlobalSection
EndGlobal
